
Microsoft Visual Studio Solution File, Format Version 12.00
# Visual Studio Version 17
VisualStudioVersion = 17.13.35825.156 d17.13
MinimumVisualStudioVersion = 10.0.40219.1
Project("{FAE04EC0-301F-11D3-BF4B-00C04F79EFBC}") = "IornSoft_CodeChallange", "IornSoft_CodeChallange.csproj", "{9264055F-9922-4FF5-9AA9-BD84B36A445F}"
EndProject
Project("{FAE04EC0-301F-11D3-BF4B-00C04F79EFBC}") = "MobilePhoneUnitTest", "..\MobilePhoneUnitTest\MobilePhoneUnitTest.csproj", "{81CC7E3E-D582-4AF1-A5D3-CBE1B95E9D60}"
EndProject
Global
	GlobalSection(SolutionConfigurationPlatforms) = preSolution
		Debug|Any CPU = Debug|Any CPU
		Release|Any CPU = Release|Any CPU
	EndGlobalSection
	GlobalSection(ProjectConfigurationPlatforms) = postSolution
		{9264055F-9922-4FF5-9AA9-BD84B36A445F}.Debug|Any CPU.ActiveCfg = Debug|Any CPU
		{9264055F-9922-4FF5-9AA9-BD84B36A445F}.Debug|Any CPU.Build.0 = Debug|Any CPU
		{9264055F-9922-4FF5-9AA9-BD84B36A445F}.Release|Any CPU.ActiveCfg = Release|Any CPU
		{9264055F-9922-4FF5-9AA9-BD84B36A445F}.Release|Any CPU.Build.0 = Release|Any CPU
		{81CC7E3E-D582-4AF1-A5D3-CBE1B95E9D60}.Debug|Any CPU.ActiveCfg = Debug|Any CPU
		{81CC7E3E-D582-4AF1-A5D3-CBE1B95E9D60}.Debug|Any CPU.Build.0 = Debug|Any CPU
		{81CC7E3E-D582-4AF1-A5D3-CBE1B95E9D60}.Release|Any CPU.ActiveCfg = Release|Any CPU
		{81CC7E3E-D582-4AF1-A5D3-CBE1B95E9D60}.Release|Any CPU.Build.0 = Release|Any CPU
	EndGlobalSection
	GlobalSection(SolutionProperties) = preSolution
		HideSolutionNode = FALSE
	EndGlobalSection
	GlobalSection(ExtensibilityGlobals) = postSolution
		SolutionGuid = {565C6DFB-1CD4-4245-8D5B-6555109555DB}
	EndGlobalSection
EndGlobal
